
Microsoft Visual Studio Solution File, Format Version 12.00
# Visual Studio Version 17
VisualStudioVersion = 17.8.34330.188
MinimumVisualStudioVersion = 10.0.40219.1
Project("{8BC9CEB8-8B4A-11D0-8D11-00A0C91BC942}") = "Sist_Prog_Sav_2_v1.0", "Sist_Prog_Sav_2_v1.0.vcxproj", "{46DA51B8-3640-4CF0-AC62-EAF245F703B5}"
EndProject
Project("{54435603-DBB4-11D2-8724-00A0C9A8B90C}") = "Setup1", "Setup1\Setup1.vdproj", "{BD001DA0-7DD9-4F7C-83E7-A7FF4A1A61D0}"
EndProject
Global
	GlobalSection(SolutionConfigurationPlatforms) = preSolution
		Debug|x64 = Debug|x64
		Debug|x86 = Debug|x86
		Release|x64 = Release|x64
		Release|x86 = Release|x86
	EndGlobalSection
	GlobalSection(ProjectConfigurationPlatforms) = postSolution
		{46DA51B8-3640-4CF0-AC62-EAF245F703B5}.Debug|x64.ActiveCfg = Debug|x64
		{46DA51B8-3640-4CF0-AC62-EAF245F703B5}.Debug|x64.Build.0 = Debug|x64
		{46DA51B8-3640-4CF0-AC62-EAF245F703B5}.Debug|x86.ActiveCfg = Debug|Win32
		{46DA51B8-3640-4CF0-AC62-EAF245F703B5}.Debug|x86.Build.0 = Debug|Win32
		{46DA51B8-3640-4CF0-AC62-EAF245F703B5}.Release|x64.ActiveCfg = Release|x64
		{46DA51B8-3640-4CF0-AC62-EAF245F703B5}.Release|x64.Build.0 = Release|x64
		{46DA51B8-3640-4CF0-AC62-EAF245F703B5}.Release|x86.ActiveCfg = Release|Win32
		{46DA51B8-3640-4CF0-AC62-EAF245F703B5}.Release|x86.Build.0 = Release|Win32
		{BD001DA0-7DD9-4F7C-83E7-A7FF4A1A61D0}.Debug|x64.ActiveCfg = Debug
		{BD001DA0-7DD9-4F7C-83E7-A7FF4A1A61D0}.Debug|x86.ActiveCfg = Debug
		{BD001DA0-7DD9-4F7C-83E7-A7FF4A1A61D0}.Release|x64.ActiveCfg = Release
		{BD001DA0-7DD9-4F7C-83E7-A7FF4A1A61D0}.Release|x86.ActiveCfg = Release
	EndGlobalSection
	GlobalSection(SolutionProperties) = preSolution
		HideSolutionNode = FALSE
	EndGlobalSection
	GlobalSection(ExtensibilityGlobals) = postSolution
		SolutionGuid = {2EFF2243-23E6-4638-86FD-97AC6E2040F3}
	EndGlobalSection
EndGlobal
